
Microsoft Visual Studio Solution File, Format Version 12.00
# Visual Studio Version 17
VisualStudioVersion = 17.10.35122.118
MinimumVisualStudioVersion = 10.0.40219.1
Project("{FAE04EC0-301F-11D3-BF4B-00C04F79EFBC}") = "WpfExplorer", "WpfExplorer\WpfExplorer.csproj", "{8A1CD797-72A1-484C-AB8E-9D76F068074B}"
EndProject
Project("{FAE04EC0-301F-11D3-BF4B-00C04F79EFBC}") = "WpfExplorer.Support", "WpfExplorer.Support\WpfExplorer.Support.csproj", "{C845E51D-3A6E-4AF3-AECF-0DAFBF2A0D64}"
EndProject
Global
	GlobalSection(SolutionConfigurationPlatforms) = preSolution
		Debug|Any CPU = Debug|Any CPU
		Release|Any CPU = Release|Any CPU
	EndGlobalSection
	GlobalSection(ProjectConfigurationPlatforms) = postSolution
		{8A1CD797-72A1-484C-AB8E-9D76F068074B}.Debug|Any CPU.ActiveCfg = Debug|Any CPU
		{8A1CD797-72A1-484C-AB8E-9D76F068074B}.Debug|Any CPU.Build.0 = Debug|Any CPU
		{8A1CD797-72A1-484C-AB8E-9D76F068074B}.Release|Any CPU.ActiveCfg = Release|Any CPU
		{8A1CD797-72A1-484C-AB8E-9D76F068074B}.Release|Any CPU.Build.0 = Release|Any CPU
		{C845E51D-3A6E-4AF3-AECF-0DAFBF2A0D64}.Debug|Any CPU.ActiveCfg = Debug|Any CPU
		{C845E51D-3A6E-4AF3-AECF-0DAFBF2A0D64}.Debug|Any CPU.Build.0 = Debug|Any CPU
		{C845E51D-3A6E-4AF3-AECF-0DAFBF2A0D64}.Release|Any CPU.ActiveCfg = Release|Any CPU
		{C845E51D-3A6E-4AF3-AECF-0DAFBF2A0D64}.Release|Any CPU.Build.0 = Release|Any CPU
	EndGlobalSection
	GlobalSection(SolutionProperties) = preSolution
		HideSolutionNode = FALSE
	EndGlobalSection
	GlobalSection(ExtensibilityGlobals) = postSolution
		SolutionGuid = {E4E8D817-0F69-486B-BB63-1A7B55D9EA54}
	EndGlobalSection
EndGlobal
